
Microsoft Visual Studio Solution File, Format Version 12.00
# Visual Studio Version 17
VisualStudioVersion = 17.12.35707.178
MinimumVisualStudioVersion = 10.0.40219.1
Project("{2150E333-8FDC-42A3-9474-1A3956D46DE8}") = "Services", "Services", "{1A5A3269-0944-4C27-9EA7-7ED010A1A10C}"
EndProject
Project("{2150E333-8FDC-42A3-9474-1A3956D46DE8}") = "Catalog", "Catalog", "{0D65BFBA-34AD-498E-BF7D-A9D75E5D4949}"
EndProject
Project("{FAE04EC0-301F-11D3-BF4B-00C04F79EFBC}") = "Catalog.API", "Services\Catalog\Catalog.API\Catalog.API.csproj", "{821B1497-456D-4919-9F9A-8D210599A9D2}"
EndProject
Project("{2150E333-8FDC-42A3-9474-1A3956D46DE8}") = "BuildingBlocks", "BuildingBlocks", "{0498C141-B420-4841-840A-3200B330A2C5}"
EndProject
Project("{FAE04EC0-301F-11D3-BF4B-00C04F79EFBC}") = "BuildingBlocks", "BuildingBlocks\BuildingBlocks\BuildingBlocks.csproj", "{B3A1FC67-0337-44B5-84FC-9DC42DF9180F}"
EndProject
Project("{E53339B2-1760-4266-BCC7-CA923CBCF16C}") = "docker-compose", "docker-compose.dcproj", "{D648AE79-9C45-4AAB-A8F1-97F1529625A5}"
EndProject
Project("{2150E333-8FDC-42A3-9474-1A3956D46DE8}") = "Basket", "Basket", "{4D3BBCED-5764-4ED4-9CC0-A424B9430B48}"
EndProject
Project("{FAE04EC0-301F-11D3-BF4B-00C04F79EFBC}") = "Basket.API", "Services\Basket\Basket.API\Basket.API.csproj", "{1CE33A0E-EE6A-4087-AA3D-2F5432ECCF4B}"
EndProject
Global
	GlobalSection(SolutionConfigurationPlatforms) = preSolution
		Debug|Any CPU = Debug|Any CPU
		Release|Any CPU = Release|Any CPU
	EndGlobalSection
	GlobalSection(ProjectConfigurationPlatforms) = postSolution
		{821B1497-456D-4919-9F9A-8D210599A9D2}.Debug|Any CPU.ActiveCfg = Debug|Any CPU
		{821B1497-456D-4919-9F9A-8D210599A9D2}.Debug|Any CPU.Build.0 = Debug|Any CPU
		{821B1497-456D-4919-9F9A-8D210599A9D2}.Release|Any CPU.ActiveCfg = Release|Any CPU
		{821B1497-456D-4919-9F9A-8D210599A9D2}.Release|Any CPU.Build.0 = Release|Any CPU
		{B3A1FC67-0337-44B5-84FC-9DC42DF9180F}.Debug|Any CPU.ActiveCfg = Debug|Any CPU
		{B3A1FC67-0337-44B5-84FC-9DC42DF9180F}.Debug|Any CPU.Build.0 = Debug|Any CPU
		{B3A1FC67-0337-44B5-84FC-9DC42DF9180F}.Release|Any CPU.ActiveCfg = Release|Any CPU
		{B3A1FC67-0337-44B5-84FC-9DC42DF9180F}.Release|Any CPU.Build.0 = Release|Any CPU
		{D648AE79-9C45-4AAB-A8F1-97F1529625A5}.Debug|Any CPU.ActiveCfg = Debug|Any CPU
		{D648AE79-9C45-4AAB-A8F1-97F1529625A5}.Debug|Any CPU.Build.0 = Debug|Any CPU
		{D648AE79-9C45-4AAB-A8F1-97F1529625A5}.Release|Any CPU.ActiveCfg = Release|Any CPU
		{D648AE79-9C45-4AAB-A8F1-97F1529625A5}.Release|Any CPU.Build.0 = Release|Any CPU
		{1CE33A0E-EE6A-4087-AA3D-2F5432ECCF4B}.Debug|Any CPU.ActiveCfg = Debug|Any CPU
		{1CE33A0E-EE6A-4087-AA3D-2F5432ECCF4B}.Debug|Any CPU.Build.0 = Debug|Any CPU
		{1CE33A0E-EE6A-4087-AA3D-2F5432ECCF4B}.Release|Any CPU.ActiveCfg = Release|Any CPU
		{1CE33A0E-EE6A-4087-AA3D-2F5432ECCF4B}.Release|Any CPU.Build.0 = Release|Any CPU
	EndGlobalSection
	GlobalSection(SolutionProperties) = preSolution
		HideSolutionNode = FALSE
	EndGlobalSection
	GlobalSection(NestedProjects) = preSolution
		{0D65BFBA-34AD-498E-BF7D-A9D75E5D4949} = {1A5A3269-0944-4C27-9EA7-7ED010A1A10C}
		{821B1497-456D-4919-9F9A-8D210599A9D2} = {0D65BFBA-34AD-498E-BF7D-A9D75E5D4949}
		{B3A1FC67-0337-44B5-84FC-9DC42DF9180F} = {0498C141-B420-4841-840A-3200B330A2C5}
		{4D3BBCED-5764-4ED4-9CC0-A424B9430B48} = {1A5A3269-0944-4C27-9EA7-7ED010A1A10C}
		{1CE33A0E-EE6A-4087-AA3D-2F5432ECCF4B} = {4D3BBCED-5764-4ED4-9CC0-A424B9430B48}
	EndGlobalSection
EndGlobal
