
Microsoft Visual Studio Solution File, Format Version 12.00
# Visual Studio Version 17
VisualStudioVersion = 17.12.35707.178
MinimumVisualStudioVersion = 10.0.40219.1
Project("{2150E333-8FDC-42A3-9474-1A3956D46DE8}") = "Services", "Services", "{1A5A3269-0944-4C27-9EA7-7ED010A1A10C}"
EndProject
Project("{2150E333-8FDC-42A3-9474-1A3956D46DE8}") = "Catalog", "Catalog", "{0D65BFBA-34AD-498E-BF7D-A9D75E5D4949}"
EndProject
Project("{FAE04EC0-301F-11D3-BF4B-00C04F79EFBC}") = "Catalog.API", "Services\Catalog\Catalog.API\Catalog.API.csproj", "{821B1497-456D-4919-9F9A-8D210599A9D2}"
EndProject
Project("{2150E333-8FDC-42A3-9474-1A3956D46DE8}") = "BuildingBlocks", "BuildingBlocks", "{0498C141-B420-4841-840A-3200B330A2C5}"
EndProject
Project("{FAE04EC0-301F-11D3-BF4B-00C04F79EFBC}") = "BuildingBlocks", "BuildingBlocks\BuildingBlocks\BuildingBlocks.csproj", "{B3A1FC67-0337-44B5-84FC-9DC42DF9180F}"
EndProject
Project("{E53339B2-1760-4266-BCC7-CA923CBCF16C}") = "docker-compose", "docker-compose.dcproj", "{D648AE79-9C45-4AAB-A8F1-97F1529625A5}"
EndProject
Project("{2150E333-8FDC-42A3-9474-1A3956D46DE8}") = "Basket", "Basket", "{4D3BBCED-5764-4ED4-9CC0-A424B9430B48}"
EndProject
Project("{FAE04EC0-301F-11D3-BF4B-00C04F79EFBC}") = "Basket.API", "Services\Basket\Basket.API\Basket.API.csproj", "{1CE33A0E-EE6A-4087-AA3D-2F5432ECCF4B}"
EndProject
Project("{2150E333-8FDC-42A3-9474-1A3956D46DE8}") = "Discount", "Discount", "{7FB38B1E-8914-417C-9704-57572742408B}"
EndProject
Project("{FAE04EC0-301F-11D3-BF4B-00C04F79EFBC}") = "Discont.Grpc", "Services\Discount\Discont.Grpc\Discont.Grpc.csproj", "{00267DF7-AA37-42BB-8A93-65D336658EC8}"
EndProject
Project("{2150E333-8FDC-42A3-9474-1A3956D46DE8}") = "Ordering", "Ordering", "{458E62E1-19EE-4AD5-A01B-44FAE0EF16A8}"
EndProject
Project("{FAE04EC0-301F-11D3-BF4B-00C04F79EFBC}") = "Ordering.API", "Services\Ordering\Ordering.API\Ordering.API.csproj", "{BE2BF6CD-4E3C-4503-9ACC-562E9ABF4A62}"
EndProject
Project("{FAE04EC0-301F-11D3-BF4B-00C04F79EFBC}") = "Ordering.Domain", "Services\Ordering\Ordering.Domain\Ordering.Domain.csproj", "{C75F94A5-C3CB-4561-879E-A67C0EA4DAEF}"
EndProject
Project("{FAE04EC0-301F-11D3-BF4B-00C04F79EFBC}") = "Ordering.Application", "Services\Ordering\Ordering.Application\Ordering.Application.csproj", "{E8D8D476-29AB-4E1C-A2E4-686C65B0CCD4}"
EndProject
Project("{FAE04EC0-301F-11D3-BF4B-00C04F79EFBC}") = "Ordering.Infranstructure", "Services\Ordering\Ordering.Infranstructure\Ordering.Infranstructure.csproj", "{A3B90880-A58D-4AC6-BD24-7BBC40253DBA}"
EndProject
Global
	GlobalSection(SolutionConfigurationPlatforms) = preSolution
		Debug|Any CPU = Debug|Any CPU
		Release|Any CPU = Release|Any CPU
	EndGlobalSection
	GlobalSection(ProjectConfigurationPlatforms) = postSolution
		{821B1497-456D-4919-9F9A-8D210599A9D2}.Debug|Any CPU.ActiveCfg = Debug|Any CPU
		{821B1497-456D-4919-9F9A-8D210599A9D2}.Debug|Any CPU.Build.0 = Debug|Any CPU
		{821B1497-456D-4919-9F9A-8D210599A9D2}.Release|Any CPU.ActiveCfg = Release|Any CPU
		{821B1497-456D-4919-9F9A-8D210599A9D2}.Release|Any CPU.Build.0 = Release|Any CPU
		{B3A1FC67-0337-44B5-84FC-9DC42DF9180F}.Debug|Any CPU.ActiveCfg = Debug|Any CPU
		{B3A1FC67-0337-44B5-84FC-9DC42DF9180F}.Debug|Any CPU.Build.0 = Debug|Any CPU
		{B3A1FC67-0337-44B5-84FC-9DC42DF9180F}.Release|Any CPU.ActiveCfg = Release|Any CPU
		{B3A1FC67-0337-44B5-84FC-9DC42DF9180F}.Release|Any CPU.Build.0 = Release|Any CPU
		{D648AE79-9C45-4AAB-A8F1-97F1529625A5}.Debug|Any CPU.ActiveCfg = Debug|Any CPU
		{D648AE79-9C45-4AAB-A8F1-97F1529625A5}.Debug|Any CPU.Build.0 = Debug|Any CPU
		{D648AE79-9C45-4AAB-A8F1-97F1529625A5}.Release|Any CPU.ActiveCfg = Release|Any CPU
		{D648AE79-9C45-4AAB-A8F1-97F1529625A5}.Release|Any CPU.Build.0 = Release|Any CPU
		{1CE33A0E-EE6A-4087-AA3D-2F5432ECCF4B}.Debug|Any CPU.ActiveCfg = Debug|Any CPU
		{1CE33A0E-EE6A-4087-AA3D-2F5432ECCF4B}.Debug|Any CPU.Build.0 = Debug|Any CPU
		{1CE33A0E-EE6A-4087-AA3D-2F5432ECCF4B}.Release|Any CPU.ActiveCfg = Release|Any CPU
		{1CE33A0E-EE6A-4087-AA3D-2F5432ECCF4B}.Release|Any CPU.Build.0 = Release|Any CPU
		{00267DF7-AA37-42BB-8A93-65D336658EC8}.Debug|Any CPU.ActiveCfg = Debug|Any CPU
		{00267DF7-AA37-42BB-8A93-65D336658EC8}.Debug|Any CPU.Build.0 = Debug|Any CPU
		{00267DF7-AA37-42BB-8A93-65D336658EC8}.Release|Any CPU.ActiveCfg = Release|Any CPU
		{00267DF7-AA37-42BB-8A93-65D336658EC8}.Release|Any CPU.Build.0 = Release|Any CPU
		{BE2BF6CD-4E3C-4503-9ACC-562E9ABF4A62}.Debug|Any CPU.ActiveCfg = Debug|Any CPU
		{BE2BF6CD-4E3C-4503-9ACC-562E9ABF4A62}.Debug|Any CPU.Build.0 = Debug|Any CPU
		{BE2BF6CD-4E3C-4503-9ACC-562E9ABF4A62}.Release|Any CPU.ActiveCfg = Release|Any CPU
		{BE2BF6CD-4E3C-4503-9ACC-562E9ABF4A62}.Release|Any CPU.Build.0 = Release|Any CPU
		{C75F94A5-C3CB-4561-879E-A67C0EA4DAEF}.Debug|Any CPU.ActiveCfg = Debug|Any CPU
		{C75F94A5-C3CB-4561-879E-A67C0EA4DAEF}.Debug|Any CPU.Build.0 = Debug|Any CPU
		{C75F94A5-C3CB-4561-879E-A67C0EA4DAEF}.Release|Any CPU.ActiveCfg = Release|Any CPU
		{C75F94A5-C3CB-4561-879E-A67C0EA4DAEF}.Release|Any CPU.Build.0 = Release|Any CPU
		{E8D8D476-29AB-4E1C-A2E4-686C65B0CCD4}.Debug|Any CPU.ActiveCfg = Debug|Any CPU
		{E8D8D476-29AB-4E1C-A2E4-686C65B0CCD4}.Debug|Any CPU.Build.0 = Debug|Any CPU
		{E8D8D476-29AB-4E1C-A2E4-686C65B0CCD4}.Release|Any CPU.ActiveCfg = Release|Any CPU
		{E8D8D476-29AB-4E1C-A2E4-686C65B0CCD4}.Release|Any CPU.Build.0 = Release|Any CPU
		{A3B90880-A58D-4AC6-BD24-7BBC40253DBA}.Debug|Any CPU.ActiveCfg = Debug|Any CPU
		{A3B90880-A58D-4AC6-BD24-7BBC40253DBA}.Debug|Any CPU.Build.0 = Debug|Any CPU
		{A3B90880-A58D-4AC6-BD24-7BBC40253DBA}.Release|Any CPU.ActiveCfg = Release|Any CPU
		{A3B90880-A58D-4AC6-BD24-7BBC40253DBA}.Release|Any CPU.Build.0 = Release|Any CPU
	EndGlobalSection
	GlobalSection(SolutionProperties) = preSolution
		HideSolutionNode = FALSE
	EndGlobalSection
	GlobalSection(NestedProjects) = preSolution
		{0D65BFBA-34AD-498E-BF7D-A9D75E5D4949} = {1A5A3269-0944-4C27-9EA7-7ED010A1A10C}
		{821B1497-456D-4919-9F9A-8D210599A9D2} = {0D65BFBA-34AD-498E-BF7D-A9D75E5D4949}
		{B3A1FC67-0337-44B5-84FC-9DC42DF9180F} = {0498C141-B420-4841-840A-3200B330A2C5}
		{4D3BBCED-5764-4ED4-9CC0-A424B9430B48} = {1A5A3269-0944-4C27-9EA7-7ED010A1A10C}
		{1CE33A0E-EE6A-4087-AA3D-2F5432ECCF4B} = {4D3BBCED-5764-4ED4-9CC0-A424B9430B48}
		{7FB38B1E-8914-417C-9704-57572742408B} = {1A5A3269-0944-4C27-9EA7-7ED010A1A10C}
		{00267DF7-AA37-42BB-8A93-65D336658EC8} = {7FB38B1E-8914-417C-9704-57572742408B}
		{458E62E1-19EE-4AD5-A01B-44FAE0EF16A8} = {1A5A3269-0944-4C27-9EA7-7ED010A1A10C}
		{BE2BF6CD-4E3C-4503-9ACC-562E9ABF4A62} = {458E62E1-19EE-4AD5-A01B-44FAE0EF16A8}
		{C75F94A5-C3CB-4561-879E-A67C0EA4DAEF} = {458E62E1-19EE-4AD5-A01B-44FAE0EF16A8}
		{E8D8D476-29AB-4E1C-A2E4-686C65B0CCD4} = {458E62E1-19EE-4AD5-A01B-44FAE0EF16A8}
		{A3B90880-A58D-4AC6-BD24-7BBC40253DBA} = {458E62E1-19EE-4AD5-A01B-44FAE0EF16A8}
	EndGlobalSection
EndGlobal
